
Microsoft Visual Studio Solution File, Format Version 11.00
# Visual Studio 2010
Project("{FAE04EC0-301F-11D3-BF4B-00C04F79EFBC}") = "Assembly-CSharp", "Assembly-CSharp.csproj", "{AB37FFAB-46D6-3CF0-D0C1-C31BAE478E9C}"
EndProject
Project("{FAE04EC0-301F-11D3-BF4B-00C04F79EFBC}") = "Assembly-CSharp-Editor", "Assembly-CSharp-Editor.csproj", "{C16B3DFD-EF32-C912-F11E-343A4D7C21DB}"
EndProject
Global
	GlobalSection(SolutionConfigurationPlatforms) = preSolution
		Debug|Any CPU = Debug|Any CPU
		Release|Any CPU = Release|Any CPU
	EndGlobalSection
	GlobalSection(ProjectConfigurationPlatforms) = postSolution
		{AB37FFAB-46D6-3CF0-D0C1-C31BAE478E9C}.Debug|Any CPU.ActiveCfg = Debug|Any CPU
		{AB37FFAB-46D6-3CF0-D0C1-C31BAE478E9C}.Debug|Any CPU.Build.0 = Debug|Any CPU
		{AB37FFAB-46D6-3CF0-D0C1-C31BAE478E9C}.Release|Any CPU.ActiveCfg = Release|Any CPU
		{AB37FFAB-46D6-3CF0-D0C1-C31BAE478E9C}.Release|Any CPU.Build.0 = Release|Any CPU
		{C16B3DFD-EF32-C912-F11E-343A4D7C21DB}.Debug|Any CPU.ActiveCfg = Debug|Any CPU
		{C16B3DFD-EF32-C912-F11E-343A4D7C21DB}.Debug|Any CPU.Build.0 = Debug|Any CPU
		{C16B3DFD-EF32-C912-F11E-343A4D7C21DB}.Release|Any CPU.ActiveCfg = Release|Any CPU
		{C16B3DFD-EF32-C912-F11E-343A4D7C21DB}.Release|Any CPU.Build.0 = Release|Any CPU
	EndGlobalSection
	GlobalSection(SolutionProperties) = preSolution
		HideSolutionNode = FALSE
	EndGlobalSection
EndGlobal
